
Microsoft Visual Studio Solution File, Format Version 12.00
# Visual Studio 2013
VisualStudioVersion = 12.0.21005.1
MinimumVisualStudioVersion = 10.0.40219.1
Project("{FAE04EC0-301F-11D3-BF4B-00C04F79EFBC}") = "Documentacao", "Documentacao\Documentacao.csproj", "{513BF8DA-E376-453B-A588-F084E84C9E15}"
EndProject
Project("{2150E333-8FDC-42A3-9474-1A3956D46DE8}") = "Documentação", "Documentação", "{13882606-6517-423B-907A-8BA59B85698B}"
EndProject
Project("{2150E333-8FDC-42A3-9474-1A3956D46DE8}") = "Equipes", "Equipes", "{DB455FC7-397D-4432-830D-5C207AE3355B}"
EndProject
Project("{FAE04EC0-301F-11D3-BF4B-00C04F79EFBC}") = "Greicy", "Greicy\Greicy.csproj", "{3207ED3C-DE38-4C46-B610-836B8DBAA6E6}"
EndProject
Project("{FAE04EC0-301F-11D3-BF4B-00C04F79EFBC}") = "Luis", "Luis\Luis.csproj", "{8BDB1FC8-976B-493B-A987-69BDAF6A14CA}"
EndProject
Global
	GlobalSection(SolutionConfigurationPlatforms) = preSolution
		Debug|Any CPU = Debug|Any CPU
		Release|Any CPU = Release|Any CPU
	EndGlobalSection
	GlobalSection(ProjectConfigurationPlatforms) = postSolution
		{513BF8DA-E376-453B-A588-F084E84C9E15}.Debug|Any CPU.ActiveCfg = Debug|Any CPU
		{513BF8DA-E376-453B-A588-F084E84C9E15}.Debug|Any CPU.Build.0 = Debug|Any CPU
		{513BF8DA-E376-453B-A588-F084E84C9E15}.Release|Any CPU.ActiveCfg = Release|Any CPU
		{513BF8DA-E376-453B-A588-F084E84C9E15}.Release|Any CPU.Build.0 = Release|Any CPU
		{3207ED3C-DE38-4C46-B610-836B8DBAA6E6}.Debug|Any CPU.ActiveCfg = Debug|Any CPU
		{3207ED3C-DE38-4C46-B610-836B8DBAA6E6}.Debug|Any CPU.Build.0 = Debug|Any CPU
		{3207ED3C-DE38-4C46-B610-836B8DBAA6E6}.Release|Any CPU.ActiveCfg = Release|Any CPU
		{3207ED3C-DE38-4C46-B610-836B8DBAA6E6}.Release|Any CPU.Build.0 = Release|Any CPU
		{8BDB1FC8-976B-493B-A987-69BDAF6A14CA}.Debug|Any CPU.ActiveCfg = Debug|Any CPU
		{8BDB1FC8-976B-493B-A987-69BDAF6A14CA}.Debug|Any CPU.Build.0 = Debug|Any CPU
		{8BDB1FC8-976B-493B-A987-69BDAF6A14CA}.Release|Any CPU.ActiveCfg = Release|Any CPU
		{8BDB1FC8-976B-493B-A987-69BDAF6A14CA}.Release|Any CPU.Build.0 = Release|Any CPU
	EndGlobalSection
	GlobalSection(SolutionProperties) = preSolution
		HideSolutionNode = FALSE
	EndGlobalSection
	GlobalSection(NestedProjects) = preSolution
		{513BF8DA-E376-453B-A588-F084E84C9E15} = {13882606-6517-423B-907A-8BA59B85698B}
		{3207ED3C-DE38-4C46-B610-836B8DBAA6E6} = {DB455FC7-397D-4432-830D-5C207AE3355B}
		{8BDB1FC8-976B-493B-A987-69BDAF6A14CA} = {DB455FC7-397D-4432-830D-5C207AE3355B}
	EndGlobalSection
EndGlobal
